
Microsoft Visual Studio Solution File, Format Version 12.00
# Visual Studio Version 17
VisualStudioVersion = 17.5.33424.131
MinimumVisualStudioVersion = 10.0.40219.1
Project("{2150E333-8FDC-42A3-9474-1A3956D46DE8}") = "Solution Items", "Solution Items", "{D902D172-38F9-4887-8FF5-A7E7EA3108C8}"
	ProjectSection(SolutionItems) = preProject
		.editorconfig = .editorconfig
	EndProjectSection
EndProject
Project("{9A19103F-16F7-4668-BE54-9A1E7A4F7556}") = "Nile.API", "source\Nile.API\Nile.API.csproj", "{CC3C93C3-E4F1-474E-B8CB-5770A60C589C}"
EndProject
Project("{9A19103F-16F7-4668-BE54-9A1E7A4F7556}") = "Nile.Infrastructure", "source\Nile.Infrastructure\Nile.Infrastructure.csproj", "{059297CF-F148-43FA-8B66-450516DFAB1E}"
EndProject
Project("{9A19103F-16F7-4668-BE54-9A1E7A4F7556}") = "Nile.Application", "source\Nile.Application\Nile.Application.csproj", "{E8AC47CF-5ED1-44B5-9E0B-CAB2A7EDF95E}"
EndProject
Project("{FAE04EC0-301F-11D3-BF4B-00C04F79EFBC}") = "Nile.Domain", "source\Nile.Domain\Nile.Domain.csproj", "{7359665C-15EF-4819-9884-28A336FA1B68}"
EndProject
Project("{FAE04EC0-301F-11D3-BF4B-00C04F79EFBC}") = "Nile.Tests", "test\Nile.Tests\Nile.Tests.csproj", "{BEA587C7-E159-45CC-A418-B46A3775C4B9}"
EndProject
Global
	GlobalSection(SolutionConfigurationPlatforms) = preSolution
		Debug|Any CPU = Debug|Any CPU
		Release|Any CPU = Release|Any CPU
	EndGlobalSection
	GlobalSection(ProjectConfigurationPlatforms) = postSolution
		{CC3C93C3-E4F1-474E-B8CB-5770A60C589C}.Debug|Any CPU.ActiveCfg = Debug|Any CPU
		{CC3C93C3-E4F1-474E-B8CB-5770A60C589C}.Debug|Any CPU.Build.0 = Debug|Any CPU
		{CC3C93C3-E4F1-474E-B8CB-5770A60C589C}.Release|Any CPU.ActiveCfg = Release|Any CPU
		{CC3C93C3-E4F1-474E-B8CB-5770A60C589C}.Release|Any CPU.Build.0 = Release|Any CPU
		{059297CF-F148-43FA-8B66-450516DFAB1E}.Debug|Any CPU.ActiveCfg = Debug|Any CPU
		{059297CF-F148-43FA-8B66-450516DFAB1E}.Debug|Any CPU.Build.0 = Debug|Any CPU
		{059297CF-F148-43FA-8B66-450516DFAB1E}.Release|Any CPU.ActiveCfg = Release|Any CPU
		{059297CF-F148-43FA-8B66-450516DFAB1E}.Release|Any CPU.Build.0 = Release|Any CPU
		{E8AC47CF-5ED1-44B5-9E0B-CAB2A7EDF95E}.Debug|Any CPU.ActiveCfg = Debug|Any CPU
		{E8AC47CF-5ED1-44B5-9E0B-CAB2A7EDF95E}.Debug|Any CPU.Build.0 = Debug|Any CPU
		{E8AC47CF-5ED1-44B5-9E0B-CAB2A7EDF95E}.Release|Any CPU.ActiveCfg = Release|Any CPU
		{E8AC47CF-5ED1-44B5-9E0B-CAB2A7EDF95E}.Release|Any CPU.Build.0 = Release|Any CPU
		{7359665C-15EF-4819-9884-28A336FA1B68}.Debug|Any CPU.ActiveCfg = Debug|Any CPU
		{7359665C-15EF-4819-9884-28A336FA1B68}.Debug|Any CPU.Build.0 = Debug|Any CPU
		{7359665C-15EF-4819-9884-28A336FA1B68}.Release|Any CPU.ActiveCfg = Release|Any CPU
		{7359665C-15EF-4819-9884-28A336FA1B68}.Release|Any CPU.Build.0 = Release|Any CPU
		{BEA587C7-E159-45CC-A418-B46A3775C4B9}.Debug|Any CPU.ActiveCfg = Debug|Any CPU
		{BEA587C7-E159-45CC-A418-B46A3775C4B9}.Debug|Any CPU.Build.0 = Debug|Any CPU
		{BEA587C7-E159-45CC-A418-B46A3775C4B9}.Release|Any CPU.ActiveCfg = Release|Any CPU
		{BEA587C7-E159-45CC-A418-B46A3775C4B9}.Release|Any CPU.Build.0 = Release|Any CPU
	EndGlobalSection
	GlobalSection(SolutionProperties) = preSolution
		HideSolutionNode = FALSE
	EndGlobalSection
	GlobalSection(ExtensibilityGlobals) = postSolution
		SolutionGuid = {1DF27225-DFF6-4FC2-8C9E-C871C440BD0E}
	EndGlobalSection
EndGlobal
